
Microsoft Visual Studio Solution File, Format Version 12.00
Project("{FAE04EC0-301F-11D3-BF4B-00C04F79EFBC}") = "Domain", "Domain\Domain.csproj", "{369A6EEA-AED9-46B6-85DE-06924590A7ED}"
EndProject
Project("{2150E333-8FDC-42A3-9474-1A3956D46DE8}") = "Domain", "Domain", "{6B34CEC6-2ED0-4CF9-88A0-446A870C2AE1}"
EndProject
Project("{2150E333-8FDC-42A3-9474-1A3956D46DE8}") = "App", "App", "{8080AE61-19F0-42B0-A59A-83E93E1F8121}"
EndProject
Project("{2150E333-8FDC-42A3-9474-1A3956D46DE8}") = "Infra", "Infra", "{DC456A65-EB8D-4810-841F-1F216429F8B9}"
EndProject
Project("{FAE04EC0-301F-11D3-BF4B-00C04F79EFBC}") = "PokemonApi", "PokemonApi\PokemonApi.csproj", "{CC41FA63-7032-4EBA-8D65-383033A9813B}"
EndProject
Project("{FAE04EC0-301F-11D3-BF4B-00C04F79EFBC}") = "App", "App\App.csproj", "{468D5B49-DFA3-4074-90C5-03298F67372D}"
EndProject
Project("{2150E333-8FDC-42A3-9474-1A3956D46DE8}") = "Test", "Test", "{9994192D-5D92-440C-A03A-18D915551F25}"
EndProject
Project("{FAE04EC0-301F-11D3-BF4B-00C04F79EFBC}") = "PokemonApiTests", "PokemonApiTests\PokemonApiTests.csproj", "{8EEAE87A-712D-4641-8F72-826187A0F142}"
EndProject
Global
	GlobalSection(SolutionConfigurationPlatforms) = preSolution
		Debug|Any CPU = Debug|Any CPU
		Release|Any CPU = Release|Any CPU
	EndGlobalSection
	GlobalSection(ProjectConfigurationPlatforms) = postSolution
		{369A6EEA-AED9-46B6-85DE-06924590A7ED}.Debug|Any CPU.ActiveCfg = Debug|Any CPU
		{369A6EEA-AED9-46B6-85DE-06924590A7ED}.Debug|Any CPU.Build.0 = Debug|Any CPU
		{369A6EEA-AED9-46B6-85DE-06924590A7ED}.Release|Any CPU.ActiveCfg = Release|Any CPU
		{369A6EEA-AED9-46B6-85DE-06924590A7ED}.Release|Any CPU.Build.0 = Release|Any CPU
		{CC41FA63-7032-4EBA-8D65-383033A9813B}.Debug|Any CPU.ActiveCfg = Debug|Any CPU
		{CC41FA63-7032-4EBA-8D65-383033A9813B}.Debug|Any CPU.Build.0 = Debug|Any CPU
		{CC41FA63-7032-4EBA-8D65-383033A9813B}.Release|Any CPU.ActiveCfg = Release|Any CPU
		{CC41FA63-7032-4EBA-8D65-383033A9813B}.Release|Any CPU.Build.0 = Release|Any CPU
		{468D5B49-DFA3-4074-90C5-03298F67372D}.Debug|Any CPU.ActiveCfg = Debug|Any CPU
		{468D5B49-DFA3-4074-90C5-03298F67372D}.Debug|Any CPU.Build.0 = Debug|Any CPU
		{468D5B49-DFA3-4074-90C5-03298F67372D}.Release|Any CPU.ActiveCfg = Release|Any CPU
		{468D5B49-DFA3-4074-90C5-03298F67372D}.Release|Any CPU.Build.0 = Release|Any CPU
		{8EEAE87A-712D-4641-8F72-826187A0F142}.Debug|Any CPU.ActiveCfg = Debug|Any CPU
		{8EEAE87A-712D-4641-8F72-826187A0F142}.Debug|Any CPU.Build.0 = Debug|Any CPU
		{8EEAE87A-712D-4641-8F72-826187A0F142}.Release|Any CPU.ActiveCfg = Release|Any CPU
		{8EEAE87A-712D-4641-8F72-826187A0F142}.Release|Any CPU.Build.0 = Release|Any CPU
	EndGlobalSection
	GlobalSection(NestedProjects) = preSolution
		{369A6EEA-AED9-46B6-85DE-06924590A7ED} = {6B34CEC6-2ED0-4CF9-88A0-446A870C2AE1}
		{CC41FA63-7032-4EBA-8D65-383033A9813B} = {DC456A65-EB8D-4810-841F-1F216429F8B9}
		{468D5B49-DFA3-4074-90C5-03298F67372D} = {8080AE61-19F0-42B0-A59A-83E93E1F8121}
		{8EEAE87A-712D-4641-8F72-826187A0F142} = {9994192D-5D92-440C-A03A-18D915551F25}
	EndGlobalSection
EndGlobal
