
Microsoft Visual Studio Solution File, Format Version 12.00
Project("{2150E333-8FDC-42A3-9474-1A3956D46DE8}") = "Api", "Api", "{DC456A65-EB8D-4810-841F-1F216429F8B9}"
EndProject
Project("{FAE04EC0-301F-11D3-BF4B-00C04F79EFBC}") = "PokemonApi", "PokemonApi\PokemonApi.csproj", "{CC41FA63-7032-4EBA-8D65-383033A9813B}"
EndProject
Project("{FAE04EC0-301F-11D3-BF4B-00C04F79EFBC}") = "PokemonApi.Tests", "PokemonApi.Tests\PokemonApi.Tests.csproj", "{8EEAE87A-712D-4641-8F72-826187A0F142}"
EndProject
Project("{2150E333-8FDC-42A3-9474-1A3956D46DE8}") = "Modules", "Modules", "{8800E697-A00B-4D11-AC1A-FBEC57CD5CEC}"
EndProject
Project("{2150E333-8FDC-42A3-9474-1A3956D46DE8}") = "Pokemon", "Pokemon", "{0B457AC8-DFD7-4D28-91B1-4D3A8587CDE7}"
EndProject
Project("{FAE04EC0-301F-11D3-BF4B-00C04F79EFBC}") = "Application", "Application\Application.csproj", "{C6528533-4C96-4E58-AFA0-72374A87291C}"
EndProject
Project("{FAE04EC0-301F-11D3-BF4B-00C04F79EFBC}") = "Domain", "Domain\Domain.csproj", "{E9F07DD4-EA26-4753-8648-466AFCB3EFF5}"
EndProject
Project("{FAE04EC0-301F-11D3-BF4B-00C04F79EFBC}") = "Application.Tests", "Application.Tests\Application.Tests.csproj", "{B629F74C-FAC4-4772-8C86-29C9C3A53B9C}"
EndProject
Project("{FAE04EC0-301F-11D3-BF4B-00C04F79EFBC}") = "Domain.Tests", "Domain.Tests\Domain.Tests.csproj", "{FEA1CCC6-4DCA-4B4C-A6FA-407B763AA874}"
EndProject
Project("{2150E333-8FDC-42A3-9474-1A3956D46DE8}") = "Infrastructure", "Infrastructure", "{31B814D1-BF7C-49AA-B151-B33EF7AE30C4}"
EndProject
Project("{FAE04EC0-301F-11D3-BF4B-00C04F79EFBC}") = "Derulo", "Derulo\Derulo.csproj", "{0DFA4238-C0E1-4A9A-A36F-D6658DF1DCCA}"
EndProject
Global
	GlobalSection(SolutionConfigurationPlatforms) = preSolution
		Debug|Any CPU = Debug|Any CPU
		Release|Any CPU = Release|Any CPU
	EndGlobalSection
	GlobalSection(ProjectConfigurationPlatforms) = postSolution
		{CC41FA63-7032-4EBA-8D65-383033A9813B}.Debug|Any CPU.ActiveCfg = Debug|Any CPU
		{CC41FA63-7032-4EBA-8D65-383033A9813B}.Debug|Any CPU.Build.0 = Debug|Any CPU
		{CC41FA63-7032-4EBA-8D65-383033A9813B}.Release|Any CPU.ActiveCfg = Release|Any CPU
		{CC41FA63-7032-4EBA-8D65-383033A9813B}.Release|Any CPU.Build.0 = Release|Any CPU
		{8EEAE87A-712D-4641-8F72-826187A0F142}.Debug|Any CPU.ActiveCfg = Debug|Any CPU
		{8EEAE87A-712D-4641-8F72-826187A0F142}.Debug|Any CPU.Build.0 = Debug|Any CPU
		{8EEAE87A-712D-4641-8F72-826187A0F142}.Release|Any CPU.ActiveCfg = Release|Any CPU
		{8EEAE87A-712D-4641-8F72-826187A0F142}.Release|Any CPU.Build.0 = Release|Any CPU
		{C6528533-4C96-4E58-AFA0-72374A87291C}.Debug|Any CPU.ActiveCfg = Debug|Any CPU
		{C6528533-4C96-4E58-AFA0-72374A87291C}.Debug|Any CPU.Build.0 = Debug|Any CPU
		{C6528533-4C96-4E58-AFA0-72374A87291C}.Release|Any CPU.ActiveCfg = Release|Any CPU
		{C6528533-4C96-4E58-AFA0-72374A87291C}.Release|Any CPU.Build.0 = Release|Any CPU
		{E9F07DD4-EA26-4753-8648-466AFCB3EFF5}.Debug|Any CPU.ActiveCfg = Debug|Any CPU
		{E9F07DD4-EA26-4753-8648-466AFCB3EFF5}.Debug|Any CPU.Build.0 = Debug|Any CPU
		{E9F07DD4-EA26-4753-8648-466AFCB3EFF5}.Release|Any CPU.ActiveCfg = Release|Any CPU
		{E9F07DD4-EA26-4753-8648-466AFCB3EFF5}.Release|Any CPU.Build.0 = Release|Any CPU
		{B629F74C-FAC4-4772-8C86-29C9C3A53B9C}.Debug|Any CPU.ActiveCfg = Debug|Any CPU
		{B629F74C-FAC4-4772-8C86-29C9C3A53B9C}.Debug|Any CPU.Build.0 = Debug|Any CPU
		{B629F74C-FAC4-4772-8C86-29C9C3A53B9C}.Release|Any CPU.ActiveCfg = Release|Any CPU
		{B629F74C-FAC4-4772-8C86-29C9C3A53B9C}.Release|Any CPU.Build.0 = Release|Any CPU
		{FEA1CCC6-4DCA-4B4C-A6FA-407B763AA874}.Debug|Any CPU.ActiveCfg = Debug|Any CPU
		{FEA1CCC6-4DCA-4B4C-A6FA-407B763AA874}.Debug|Any CPU.Build.0 = Debug|Any CPU
		{FEA1CCC6-4DCA-4B4C-A6FA-407B763AA874}.Release|Any CPU.ActiveCfg = Release|Any CPU
		{FEA1CCC6-4DCA-4B4C-A6FA-407B763AA874}.Release|Any CPU.Build.0 = Release|Any CPU
		{0DFA4238-C0E1-4A9A-A36F-D6658DF1DCCA}.Debug|Any CPU.ActiveCfg = Debug|Any CPU
		{0DFA4238-C0E1-4A9A-A36F-D6658DF1DCCA}.Debug|Any CPU.Build.0 = Debug|Any CPU
		{0DFA4238-C0E1-4A9A-A36F-D6658DF1DCCA}.Release|Any CPU.ActiveCfg = Release|Any CPU
		{0DFA4238-C0E1-4A9A-A36F-D6658DF1DCCA}.Release|Any CPU.Build.0 = Release|Any CPU
	EndGlobalSection
	GlobalSection(NestedProjects) = preSolution
		{CC41FA63-7032-4EBA-8D65-383033A9813B} = {DC456A65-EB8D-4810-841F-1F216429F8B9}
		{8EEAE87A-712D-4641-8F72-826187A0F142} = {DC456A65-EB8D-4810-841F-1F216429F8B9}
		{0B457AC8-DFD7-4D28-91B1-4D3A8587CDE7} = {8800E697-A00B-4D11-AC1A-FBEC57CD5CEC}
		{C6528533-4C96-4E58-AFA0-72374A87291C} = {0B457AC8-DFD7-4D28-91B1-4D3A8587CDE7}
		{E9F07DD4-EA26-4753-8648-466AFCB3EFF5} = {0B457AC8-DFD7-4D28-91B1-4D3A8587CDE7}
		{B629F74C-FAC4-4772-8C86-29C9C3A53B9C} = {0B457AC8-DFD7-4D28-91B1-4D3A8587CDE7}
		{FEA1CCC6-4DCA-4B4C-A6FA-407B763AA874} = {0B457AC8-DFD7-4D28-91B1-4D3A8587CDE7}
		{0DFA4238-C0E1-4A9A-A36F-D6658DF1DCCA} = {31B814D1-BF7C-49AA-B151-B33EF7AE30C4}
	EndGlobalSection
EndGlobal
